
Microsoft Visual Studio Solution File, Format Version 12.00
# Visual Studio Version 17
VisualStudioVersion = 17.12.35514.174
MinimumVisualStudioVersion = 10.0.40219.1
Project("{FAE04EC0-301F-11D3-BF4B-00C04F79EFBC}") = "PixelSpot.API", "PixelSpot.API\PixelSpot.API.csproj", "{6B38F4C3-2551-4EC4-8894-464B3CD8506A}"
EndProject
Project("{FAE04EC0-301F-11D3-BF4B-00C04F79EFBC}") = "PixelSpot.Application", "PixelSpot.Application\PixelSpot.Application.csproj", "{FE0F2964-5B01-4666-9BB3-38537A37D81F}"
EndProject
Project("{FAE04EC0-301F-11D3-BF4B-00C04F79EFBC}") = "PixelSpot.Domain", "PixelSpot.Domain\PixelSpot.Domain.csproj", "{C22C4973-3482-44AA-8D79-F1CA75343E41}"
EndProject
Project("{FAE04EC0-301F-11D3-BF4B-00C04F79EFBC}") = "PixelSpot.Infrastructure", "PixelSpot.Infrastructure\PixelSpot.Infrastructure.csproj", "{AD5509D4-A561-46DE-B238-B03886227360}"
EndProject
Global
	GlobalSection(SolutionConfigurationPlatforms) = preSolution
		Debug|Any CPU = Debug|Any CPU
		Release|Any CPU = Release|Any CPU
	EndGlobalSection
	GlobalSection(ProjectConfigurationPlatforms) = postSolution
		{6B38F4C3-2551-4EC4-8894-464B3CD8506A}.Debug|Any CPU.ActiveCfg = Debug|Any CPU
		{6B38F4C3-2551-4EC4-8894-464B3CD8506A}.Debug|Any CPU.Build.0 = Debug|Any CPU
		{6B38F4C3-2551-4EC4-8894-464B3CD8506A}.Release|Any CPU.ActiveCfg = Release|Any CPU
		{6B38F4C3-2551-4EC4-8894-464B3CD8506A}.Release|Any CPU.Build.0 = Release|Any CPU
		{FE0F2964-5B01-4666-9BB3-38537A37D81F}.Debug|Any CPU.ActiveCfg = Debug|Any CPU
		{FE0F2964-5B01-4666-9BB3-38537A37D81F}.Debug|Any CPU.Build.0 = Debug|Any CPU
		{FE0F2964-5B01-4666-9BB3-38537A37D81F}.Release|Any CPU.ActiveCfg = Release|Any CPU
		{FE0F2964-5B01-4666-9BB3-38537A37D81F}.Release|Any CPU.Build.0 = Release|Any CPU
		{C22C4973-3482-44AA-8D79-F1CA75343E41}.Debug|Any CPU.ActiveCfg = Debug|Any CPU
		{C22C4973-3482-44AA-8D79-F1CA75343E41}.Debug|Any CPU.Build.0 = Debug|Any CPU
		{C22C4973-3482-44AA-8D79-F1CA75343E41}.Release|Any CPU.ActiveCfg = Release|Any CPU
		{C22C4973-3482-44AA-8D79-F1CA75343E41}.Release|Any CPU.Build.0 = Release|Any CPU
		{AD5509D4-A561-46DE-B238-B03886227360}.Debug|Any CPU.ActiveCfg = Debug|Any CPU
		{AD5509D4-A561-46DE-B238-B03886227360}.Debug|Any CPU.Build.0 = Debug|Any CPU
		{AD5509D4-A561-46DE-B238-B03886227360}.Release|Any CPU.ActiveCfg = Release|Any CPU
		{AD5509D4-A561-46DE-B238-B03886227360}.Release|Any CPU.Build.0 = Release|Any CPU
	EndGlobalSection
	GlobalSection(SolutionProperties) = preSolution
		HideSolutionNode = FALSE
	EndGlobalSection
EndGlobal
